// !$*UTF8*$!
{
	archiveVersion = 1;
	classes = {
	};
	objectVersion = 55;
	objects = {

/* Begin PBXBuildFile section */
		7343F9E42846603A00078795 /* LandmarksApp.swift in Sources */ = {isa = PBXBuildFile; fileRef = 7343F9E32846603A00078795 /* LandmarksApp.swift */; };
		7343F9E62846603A00078795 /* LandmarkDetail.swift in Sources */ = {isa = PBXBuildFile; fileRef = 7343F9E52846603A00078795 /* LandmarkDetail.swift */; };
		7343F9E82846603E00078795 /* Assets.xcassets in Resources */ = {isa = PBXBuildFile; fileRef = 7343F9E72846603E00078795 /* Assets.xcassets */; };
		7343F9EB2846603E00078795 /* Preview Assets.xcassets in Resources */ = {isa = PBXBuildFile; fileRef = 7343F9EA2846603E00078795 /* Preview Assets.xcassets */; };
		7343F9F52846603E00078795 /* LandmarksTests.swift in Sources */ = {isa = PBXBuildFile; fileRef = 7343F9F42846603E00078795 /* LandmarksTests.swift */; };
		7343F9FF2846603E00078795 /* LandmarksUITests.swift in Sources */ = {isa = PBXBuildFile; fileRef = 7343F9FE2846603E00078795 /* LandmarksUITests.swift */; };
		7343FA012846603E00078795 /* LandmarksUITestsLaunchTests.swift in Sources */ = {isa = PBXBuildFile; fileRef = 7343FA002846603E00078795 /* LandmarksUITestsLaunchTests.swift */; };
		7343FA1C2846636400078795 /* charleyrivers.jpg in Resources */ = {isa = PBXBuildFile; fileRef = 7343FA0E2846636300078795 /* charleyrivers.jpg */; };
		7343FA1D2846636400078795 /* turtlerock.jpg in Resources */ = {isa = PBXBuildFile; fileRef = 7343FA0F2846636300078795 /* turtlerock.jpg */; };
		7343FA1E2846636400078795 /* silversalmoncreek.jpg in Resources */ = {isa = PBXBuildFile; fileRef = 7343FA102846636300078795 /* silversalmoncreek.jpg */; };
		7343FA1F2846636400078795 /* hikeData.json in Resources */ = {isa = PBXBuildFile; fileRef = 7343FA112846636300078795 /* hikeData.json */; };
		7343FA202846636400078795 /* icybay.jpg in Resources */ = {isa = PBXBuildFile; fileRef = 7343FA122846636300078795 /* icybay.jpg */; };
		7343FA212846636400078795 /* lakemcdonald.jpg in Resources */ = {isa = PBXBuildFile; fileRef = 7343FA132846636300078795 /* lakemcdonald.jpg */; };
		7343FA222846636400078795 /* hiddenlake.jpg in Resources */ = {isa = PBXBuildFile; fileRef = 7343FA142846636300078795 /* hiddenlake.jpg */; };
		7343FA232846636400078795 /* twinlake.jpg in Resources */ = {isa = PBXBuildFile; fileRef = 7343FA152846636300078795 /* twinlake.jpg */; };
		7343FA242846636400078795 /* umbagog.jpg in Resources */ = {isa = PBXBuildFile; fileRef = 7343FA162846636300078795 /* umbagog.jpg */; };
		7343FA252846636400078795 /* landmarkData.json in Resources */ = {isa = PBXBuildFile; fileRef = 7343FA172846636300078795 /* landmarkData.json */; };
		7343FA262846636400078795 /* chincoteague.jpg in Resources */ = {isa = PBXBuildFile; fileRef = 7343FA182846636300078795 /* chincoteague.jpg */; };
		7343FA272846636400078795 /* stmarylake.jpg in Resources */ = {isa = PBXBuildFile; fileRef = 7343FA192846636300078795 /* stmarylake.jpg */; };
		7343FA282846636400078795 /* chilkoottrail.jpg in Resources */ = {isa = PBXBuildFile; fileRef = 7343FA1A2846636300078795 /* chilkoottrail.jpg */; };
		7343FA292846636400078795 /* rainbowlake.jpg in Resources */ = {isa = PBXBuildFile; fileRef = 7343FA1B2846636300078795 /* rainbowlake.jpg */; };
		7343FA2C2846639600078795 /* CircleImage.swift in Sources */ = {isa = PBXBuildFile; fileRef = 7343FA2A2846638800078795 /* CircleImage.swift */; };
		7343FA2E2846644500078795 /* MapView.swift in Sources */ = {isa = PBXBuildFile; fileRef = 7343FA2D2846644500078795 /* MapView.swift */; };
		7343FA312846665300078795 /* Landmark.swift in Sources */ = {isa = PBXBuildFile; fileRef = 7343FA302846665300078795 /* Landmark.swift */; };
		7343FA332846686000078795 /* Data.swift in Sources */ = {isa = PBXBuildFile; fileRef = 7343FA322846686000078795 /* Data.swift */; };
		7343FA3528466A0D00078795 /* LandmarkRow.swift in Sources */ = {isa = PBXBuildFile; fileRef = 7343FA3428466A0D00078795 /* LandmarkRow.swift */; };
		7343FA3728466B7100078795 /* LandmarkList.swift in Sources */ = {isa = PBXBuildFile; fileRef = 7343FA3628466B7100078795 /* LandmarkList.swift */; };
		7343FA392847323F00078795 /* UserData.swift in Sources */ = {isa = PBXBuildFile; fileRef = 7343FA382847323F00078795 /* UserData.swift */; };
/* End PBXBuildFile section */

/* Begin PBXContainerItemProxy section */
		7343F9F12846603E00078795 /* PBXContainerItemProxy */ = {
			isa = PBXContainerItemProxy;
			containerPortal = 7343F9D82846603900078795 /* Project object */;
			proxyType = 1;
			remoteGlobalIDString = 7343F9DF2846603A00078795;
			remoteInfo = Landmarks;
		};
		7343F9FB2846603E00078795 /* PBXContainerItemProxy */ = {
			isa = PBXContainerItemProxy;
			containerPortal = 7343F9D82846603900078795 /* Project object */;
			proxyType = 1;
			remoteGlobalIDString = 7343F9DF2846603A00078795;
			remoteInfo = Landmarks;
		};
/* End PBXContainerItemProxy section */

/* Begin PBXFileReference section */
		7343F9E02846603A00078795 /* Landmarks.app */ = {isa = PBXFileReference; explicitFileType = wrapper.application; includeInIndex = 0; path = Landmarks.app; sourceTree = BUILT_PRODUCTS_DIR; };
		7343F9E32846603A00078795 /* LandmarksApp.swift */ = {isa = PBXFileReference; lastKnownFileType = sourcecode.swift; path = LandmarksApp.swift; sourceTree = "<group>"; };
		7343F9E52846603A00078795 /* LandmarkDetail.swift */ = {isa = PBXFileReference; lastKnownFileType = sourcecode.swift; path = LandmarkDetail.swift; sourceTree = "<group>"; };
		7343F9E72846603E00078795 /* Assets.xcassets */ = {isa = PBXFileReference; lastKnownFileType = folder.assetcatalog; path = Assets.xcassets; sourceTree = "<group>"; };
		7343F9EA2846603E00078795 /* Preview Assets.xcassets */ = {isa = PBXFileReference; lastKnownFileType = folder.assetcatalog; path = "Preview Assets.xcassets"; sourceTree = "<group>"; };
		7343F9F02846603E00078795 /* LandmarksTests.xctest */ = {isa = PBXFileReference; explicitFileType = wrapper.cfbundle; includeInIndex = 0; path = LandmarksTests.xctest; sourceTree = BUILT_PRODUCTS_DIR; };
		7343F9F42846603E00078795 /* LandmarksTests.swift */ = {isa = PBXFileReference; lastKnownFileType = sourcecode.swift; path = LandmarksTests.swift; sourceTree = "<group>"; };
		7343F9FA2846603E00078795 /* LandmarksUITests.xctest */ = {isa = PBXFileReference; explicitFileType = wrapper.cfbundle; includeInIndex = 0; path = LandmarksUITests.xctest; sourceTree = BUILT_PRODUCTS_DIR; };
		7343F9FE2846603E00078795 /* LandmarksUITests.swift */ = {isa = PBXFileReference; lastKnownFileType = sourcecode.swift; path = LandmarksUITests.swift; sourceTree = "<group>"; };
		7343FA002846603E00078795 /* LandmarksUITestsLaunchTests.swift */ = {isa = PBXFileReference; lastKnownFileType = sourcecode.swift; path = LandmarksUITestsLaunchTests.swift; sourceTree = "<group>"; };
		7343FA0E2846636300078795 /* charleyrivers.jpg */ = {isa = PBXFileReference; lastKnownFileType = image.jpeg; path = charleyrivers.jpg; sourceTree = "<group>"; };
		7343FA0F2846636300078795 /* turtlerock.jpg */ = {isa = PBXFileReference; lastKnownFileType = image.jpeg; path = turtlerock.jpg; sourceTree = "<group>"; };
		7343FA102846636300078795 /* silversalmoncreek.jpg */ = {isa = PBXFileReference; lastKnownFileType = image.jpeg; path = silversalmoncreek.jpg; sourceTree = "<group>"; };
		7343FA112846636300078795 /* hikeData.json */ = {isa = PBXFileReference; fileEncoding = 4; lastKnownFileType = text.json; path = hikeData.json; sourceTree = "<group>"; };
		7343FA122846636300078795 /* icybay.jpg */ = {isa = PBXFileReference; lastKnownFileType = image.jpeg; path = icybay.jpg; sourceTree = "<group>"; };
		7343FA132846636300078795 /* lakemcdonald.jpg */ = {isa = PBXFileReference; lastKnownFileType = image.jpeg; path = lakemcdonald.jpg; sourceTree = "<group>"; };
		7343FA142846636300078795 /* hiddenlake.jpg */ = {isa = PBXFileReference; lastKnownFileType = image.jpeg; path = hiddenlake.jpg; sourceTree = "<group>"; };
		7343FA152846636300078795 /* twinlake.jpg */ = {isa = PBXFileReference; lastKnownFileType = image.jpeg; path = twinlake.jpg; sourceTree = "<group>"; };
		7343FA162846636300078795 /* umbagog.jpg */ = {isa = PBXFileReference; lastKnownFileType = image.jpeg; path = umbagog.jpg; sourceTree = "<group>"; };
		7343FA172846636300078795 /* landmarkData.json */ = {isa = PBXFileReference; fileEncoding = 4; lastKnownFileType = text.json; path = landmarkData.json; sourceTree = "<group>"; };
		7343FA182846636300078795 /* chincoteague.jpg */ = {isa = PBXFileReference; lastKnownFileType = image.jpeg; path = chincoteague.jpg; sourceTree = "<group>"; };
		7343FA192846636300078795 /* stmarylake.jpg */ = {isa = PBXFileReference; lastKnownFileType = image.jpeg; path = stmarylake.jpg; sourceTree = "<group>"; };
		7343FA1A2846636300078795 /* chilkoottrail.jpg */ = {isa = PBXFileReference; lastKnownFileType = image.jpeg; path = chilkoottrail.jpg; sourceTree = "<group>"; };
		7343FA1B2846636300078795 /* rainbowlake.jpg */ = {isa = PBXFileReference; lastKnownFileType = image.jpeg; path = rainbowlake.jpg; sourceTree = "<group>"; };
		7343FA2A2846638800078795 /* CircleImage.swift */ = {isa = PBXFileReference; lastKnownFileType = sourcecode.swift; path = CircleImage.swift; sourceTree = "<group>"; };
		7343FA2D2846644500078795 /* MapView.swift */ = {isa = PBXFileReference; lastKnownFileType = sourcecode.swift; path = MapView.swift; sourceTree = "<group>"; };
		7343FA302846665300078795 /* Landmark.swift */ = {isa = PBXFileReference; lastKnownFileType = sourcecode.swift; path = Landmark.swift; sourceTree = "<group>"; };
		7343FA322846686000078795 /* Data.swift */ = {isa = PBXFileReference; lastKnownFileType = sourcecode.swift; path = Data.swift; sourceTree = "<group>"; };
		7343FA3428466A0D00078795 /* LandmarkRow.swift */ = {isa = PBXFileReference; lastKnownFileType = sourcecode.swift; path = LandmarkRow.swift; sourceTree = "<group>"; };
		7343FA3628466B7100078795 /* LandmarkList.swift */ = {isa = PBXFileReference; lastKnownFileType = sourcecode.swift; path = LandmarkList.swift; sourceTree = "<group>"; };
		7343FA382847323F00078795 /* UserData.swift */ = {isa = PBXFileReference; lastKnownFileType = sourcecode.swift; path = UserData.swift; sourceTree = "<group>"; };
/* End PBXFileReference section */

/* Begin PBXFrameworksBuildPhase section */
		7343F9DD2846603A00078795 /* Frameworks */ = {
			isa = PBXFrameworksBuildPhase;
			buildActionMask = 2147483647;
			files = (
			);
			runOnlyForDeploymentPostprocessing = 0;
		};
		7343F9ED2846603E00078795 /* Frameworks */ = {
			isa = PBXFrameworksBuildPhase;
			buildActionMask = 2147483647;
			files = (
			);
			runOnlyForDeploymentPostprocessing = 0;
		};
		7343F9F72846603E00078795 /* Frameworks */ = {
			isa = PBXFrameworksBuildPhase;
			buildActionMask = 2147483647;
			files = (
			);
			runOnlyForDeploymentPostprocessing = 0;
		};
/* End PBXFrameworksBuildPhase section */

/* Begin PBXGroup section */
		7343F9D72846603900078795 = {
			isa = PBXGroup;
			children = (
				7343F9E22846603A00078795 /* Landmarks */,
				7343F9F32846603E00078795 /* LandmarksTests */,
				7343F9FD2846603E00078795 /* LandmarksUITests */,
				7343F9E12846603A00078795 /* Products */,
			);
			sourceTree = "<group>";
		};
		7343F9E12846603A00078795 /* Products */ = {
			isa = PBXGroup;
			children = (
				7343F9E02846603A00078795 /* Landmarks.app */,
				7343F9F02846603E00078795 /* LandmarksTests.xctest */,
				7343F9FA2846603E00078795 /* LandmarksUITests.xctest */,
			);
			name = Products;
			sourceTree = "<group>";
		};
		7343F9E22846603A00078795 /* Landmarks */ = {
			isa = PBXGroup;
			children = (
				7343F9E32846603A00078795 /* LandmarksApp.swift */,
				7343F9E52846603A00078795 /* LandmarkDetail.swift */,
				7343FA2D2846644500078795 /* MapView.swift */,
				7343FA2A2846638800078795 /* CircleImage.swift */,
				7343FA3428466A0D00078795 /* LandmarkRow.swift */,
				7343FA3628466B7100078795 /* LandmarkList.swift */,
				7343FA2F2846663A00078795 /* Models */,
				7343F9E72846603E00078795 /* Assets.xcassets */,
				7343FA0D2846636300078795 /* Resources */,
				7343F9E92846603E00078795 /* Preview Content */,
			);
			path = Landmarks;
			sourceTree = "<group>";
		};
		7343F9E92846603E00078795 /* Preview Content */ = {
			isa = PBXGroup;
			children = (
				7343F9EA2846603E00078795 /* Preview Assets.xcassets */,
			);
			path = "Preview Content";
			sourceTree = "<group>";
		};
		7343F9F32846603E00078795 /* LandmarksTests */ = {
			isa = PBXGroup;
			children = (
				7343F9F42846603E00078795 /* LandmarksTests.swift */,
			);
			path = LandmarksTests;
			sourceTree = "<group>";
		};
		7343F9FD2846603E00078795 /* LandmarksUITests */ = {
			isa = PBXGroup;
			children = (
				7343F9FE2846603E00078795 /* LandmarksUITests.swift */,
				7343FA002846603E00078795 /* LandmarksUITestsLaunchTests.swift */,
			);
			path = LandmarksUITests;
			sourceTree = "<group>";
		};
		7343FA0D2846636300078795 /* Resources */ = {
			isa = PBXGroup;
			children = (
				7343FA0E2846636300078795 /* charleyrivers.jpg */,
				7343FA0F2846636300078795 /* turtlerock.jpg */,
				7343FA102846636300078795 /* silversalmoncreek.jpg */,
				7343FA112846636300078795 /* hikeData.json */,
				7343FA122846636300078795 /* icybay.jpg */,
				7343FA132846636300078795 /* lakemcdonald.jpg */,
				7343FA142846636300078795 /* hiddenlake.jpg */,
				7343FA152846636300078795 /* twinlake.jpg */,
				7343FA162846636300078795 /* umbagog.jpg */,
				7343FA172846636300078795 /* landmarkData.json */,
				7343FA182846636300078795 /* chincoteague.jpg */,
				7343FA192846636300078795 /* stmarylake.jpg */,
				7343FA1A2846636300078795 /* chilkoottrail.jpg */,
				7343FA1B2846636300078795 /* rainbowlake.jpg */,
			);
			path = Resources;
			sourceTree = "<group>";
		};
		7343FA2F2846663A00078795 /* Models */ = {
			isa = PBXGroup;
			children = (
				7343FA382847323F00078795 /* UserData.swift */,
				7343FA302846665300078795 /* Landmark.swift */,
				7343FA322846686000078795 /* Data.swift */,
			);
			path = Models;
			sourceTree = "<group>";
		};
/* End PBXGroup section */

/* Begin PBXNativeTarget section */
		7343F9DF2846603A00078795 /* Landmarks */ = {
			isa = PBXNativeTarget;
			buildConfigurationList = 7343FA042846603E00078795 /* Build configuration list for PBXNativeTarget "Landmarks" */;
			buildPhases = (
				7343F9DC2846603A00078795 /* Sources */,
				7343F9DD2846603A00078795 /* Frameworks */,
				7343F9DE2846603A00078795 /* Resources */,
			);
			buildRules = (
			);
			dependencies = (
			);
			name = Landmarks;
			productName = Landmarks;
			productReference = 7343F9E02846603A00078795 /* Landmarks.app */;
			productType = "com.apple.product-type.application";
		};
		7343F9EF2846603E00078795 /* LandmarksTests */ = {
			isa = PBXNativeTarget;
			buildConfigurationList = 7343FA072846603E00078795 /* Build configuration list for PBXNativeTarget "LandmarksTests" */;
			buildPhases = (
				7343F9EC2846603E00078795 /* Sources */,
				7343F9ED2846603E00078795 /* Frameworks */,
				7343F9EE2846603E00078795 /* Resources */,
			);
			buildRules = (
			);
			dependencies = (
				7343F9F22846603E00078795 /* PBXTargetDependency */,
			);
			name = LandmarksTests;
			productName = LandmarksTests;
			productReference = 7343F9F02846603E00078795 /* LandmarksTests.xctest */;
			productType = "com.apple.product-type.bundle.unit-test";
		};
		7343F9F92846603E00078795 /* LandmarksUITests */ = {
			isa = PBXNativeTarget;
			buildConfigurationList = 7343FA0A2846603E00078795 /* Build configuration list for PBXNativeTarget "LandmarksUITests" */;
			buildPhases = (
				7343F9F62846603E00078795 /* Sources */,
				7343F9F72846603E00078795 /* Frameworks */,
				7343F9F82846603E00078795 /* Resources */,
			);
			buildRules = (
			);
			dependencies = (
				7343F9FC2846603E00078795 /* PBXTargetDependency */,
			);
			name = LandmarksUITests;
			productName = LandmarksUITests;
			productReference = 7343F9FA2846603E00078795 /* LandmarksUITests.xctest */;
			productType = "com.apple.product-type.bundle.ui-testing";
		};
/* End PBXNativeTarget section */

/* Begin PBXProject section */
		7343F9D82846603900078795 /* Project object */ = {
			isa = PBXProject;
			attributes = {
				BuildIndependentTargetsInParallel = 1;
				LastSwiftUpdateCheck = 1340;
				LastUpgradeCheck = 1340;
				TargetAttributes = {
					7343F9DF2846603A00078795 = {
						CreatedOnToolsVersion = 13.4;
					};
					7343F9EF2846603E00078795 = {
						CreatedOnToolsVersion = 13.4;
						TestTargetID = 7343F9DF2846603A00078795;
					};
					7343F9F92846603E00078795 = {
						CreatedOnToolsVersion = 13.4;
						TestTargetID = 7343F9DF2846603A00078795;
					};
				};
			};
			buildConfigurationList = 7343F9DB2846603900078795 /* Build configuration list for PBXProject "Landmarks" */;
			compatibilityVersion = "Xcode 13.0";
			developmentRegion = en;
			hasScannedForEncodings = 0;
			knownRegions = (
				en,
				Base,
			);
			mainGroup = 7343F9D72846603900078795;
			productRefGroup = 7343F9E12846603A00078795 /* Products */;
			projectDirPath = "";
			projectRoot = "";
			targets = (
				7343F9DF2846603A00078795 /* Landmarks */,
				7343F9EF2846603E00078795 /* LandmarksTests */,
				7343F9F92846603E00078795 /* LandmarksUITests */,
			);
		};
/* End PBXProject section */

/* Begin PBXResourcesBuildPhase section */
		7343F9DE2846603A00078795 /* Resources */ = {
			isa = PBXResourcesBuildPhase;
			buildActionMask = 2147483647;
			files = (
				7343FA1E2846636400078795 /* silversalmoncreek.jpg in Resources */,
				7343FA1D2846636400078795 /* turtlerock.jpg in Resources */,
				7343FA1C2846636400078795 /* charleyrivers.jpg in Resources */,
				7343F9EB2846603E00078795 /* Preview Assets.xcassets in Resources */,
				7343FA1F2846636400078795 /* hikeData.json in Resources */,
				7343FA262846636400078795 /* chincoteague.jpg in Resources */,
				7343FA272846636400078795 /* stmarylake.jpg in Resources */,
				7343FA252846636400078795 /* landmarkData.json in Resources */,
				7343FA202846636400078795 /* icybay.jpg in Resources */,
				7343FA232846636400078795 /* twinlake.jpg in Resources */,
				7343FA212846636400078795 /* lakemcdonald.jpg in Resources */,
				7343FA222846636400078795 /* hiddenlake.jpg in Resources */,
				7343FA242846636400078795 /* umbagog.jpg in Resources */,
				7343FA292846636400078795 /* rainbowlake.jpg in Resources */,
				7343FA282846636400078795 /* chilkoottrail.jpg in Resources */,
				7343F9E82846603E00078795 /* Assets.xcassets in Resources */,
			);
			runOnlyForDeploymentPostprocessing = 0;
		};
		7343F9EE2846603E00078795 /* Resources */ = {
			isa = PBXResourcesBuildPhase;
			buildActionMask = 2147483647;
			files = (
			);
			runOnlyForDeploymentPostprocessing = 0;
		};
		7343F9F82846603E00078795 /* Resources */ = {
			isa = PBXResourcesBuildPhase;
			buildActionMask = 2147483647;
			files = (
			);
			runOnlyForDeploymentPostprocessing = 0;
		};
/* End PBXResourcesBuildPhase section */

/* Begin PBXSourcesBuildPhase section */
		7343F9DC2846603A00078795 /* Sources */ = {
			isa = PBXSourcesBuildPhase;
			buildActionMask = 2147483647;
			files = (
				7343F9E62846603A00078795 /* LandmarkDetail.swift in Sources */,
				7343FA332846686000078795 /* Data.swift in Sources */,
				7343FA2E2846644500078795 /* MapView.swift in Sources */,
				7343FA392847323F00078795 /* UserData.swift in Sources */,
				7343FA3728466B7100078795 /* LandmarkList.swift in Sources */,
				7343F9E42846603A00078795 /* LandmarksApp.swift in Sources */,
				7343FA2C2846639600078795 /* CircleImage.swift in Sources */,
				7343FA3528466A0D00078795 /* LandmarkRow.swift in Sources */,
				7343FA312846665300078795 /* Landmark.swift in Sources */,
			);
			runOnlyForDeploymentPostprocessing = 0;
		};
		7343F9EC2846603E00078795 /* Sources */ = {
			isa = PBXSourcesBuildPhase;
			buildActionMask = 2147483647;
			files = (
				7343F9F52846603E00078795 /* LandmarksTests.swift in Sources */,
			);
			runOnlyForDeploymentPostprocessing = 0;
		};
		7343F9F62846603E00078795 /* Sources */ = {
			isa = PBXSourcesBuildPhase;
			buildActionMask = 2147483647;
			files = (
				7343FA012846603E00078795 /* LandmarksUITestsLaunchTests.swift in Sources */,
				7343F9FF2846603E00078795 /* LandmarksUITests.swift in Sources */,
			);
			runOnlyForDeploymentPostprocessing = 0;
		};
/* End PBXSourcesBuildPhase section */

/* Begin PBXTargetDependency section */
		7343F9F22846603E00078795 /* PBXTargetDependency */ = {
			isa = PBXTargetDependency;
			target = 7343F9DF2846603A00078795 /* Landmarks */;
			targetProxy = 7343F9F12846603E00078795 /* PBXContainerItemProxy */;
		};
		7343F9FC2846603E00078795 /* PBXTargetDependency */ = {
			isa = PBXTargetDependency;
			target = 7343F9DF2846603A00078795 /* Landmarks */;
			targetProxy = 7343F9FB2846603E00078795 /* PBXContainerItemProxy */;
		};
/* End PBXTargetDependency section */

/* Begin XCBuildConfiguration section */
		7343FA022846603E00078795 /* Debug */ = {
			isa = XCBuildConfiguration;
			buildSettings = {
				ALWAYS_SEARCH_USER_PATHS = NO;
				CLANG_ANALYZER_NONNULL = YES;
				CLANG_ANALYZER_NUMBER_OBJECT_CONVERSION = YES_AGGRESSIVE;
				CLANG_CXX_LANGUAGE_STANDARD = "gnu++17";
				CLANG_ENABLE_MODULES = YES;
				CLANG_ENABLE_OBJC_ARC = YES;
				CLANG_ENABLE_OBJC_WEAK = YES;
				CLANG_WARN_BLOCK_CAPTURE_AUTORELEASING = YES;
				CLANG_WARN_BOOL_CONVERSION = YES;
				CLANG_WARN_COMMA = YES;
				CLANG_WARN_CONSTANT_CONVERSION = YES;
				CLANG_WARN_DEPRECATED_OBJC_IMPLEMENTATIONS = YES;
				CLANG_WARN_DIRECT_OBJC_ISA_USAGE = YES_ERROR;
				CLANG_WARN_DOCUMENTATION_COMMENTS = YES;
				CLANG_WARN_EMPTY_BODY = YES;
				CLANG_WARN_ENUM_CONVERSION = YES;
				CLANG_WARN_INFINITE_RECURSION = YES;
				CLANG_WARN_INT_CONVERSION = YES;
				CLANG_WARN_NON_LITERAL_NULL_CONVERSION = YES;
				CLANG_WARN_OBJC_IMPLICIT_RETAIN_SELF = YES;
				CLANG_WARN_OBJC_LITERAL_CONVERSION = YES;
				CLANG_WARN_OBJC_ROOT_CLASS = YES_ERROR;
				CLANG_WARN_QUOTED_INCLUDE_IN_FRAMEWORK_HEADER = YES;
				CLANG_WARN_RANGE_LOOP_ANALYSIS = YES;
				CLANG_WARN_STRICT_PROTOTYPES = YES;
				CLANG_WARN_SUSPICIOUS_MOVE = YES;
				CLANG_WARN_UNGUARDED_AVAILABILITY = YES_AGGRESSIVE;
				CLANG_WARN_UNREACHABLE_CODE = YES;
				CLANG_WARN__DUPLICATE_METHOD_MATCH = YES;
				COPY_PHASE_STRIP = NO;
				DEBUG_INFORMATION_FORMAT = dwarf;
				ENABLE_STRICT_OBJC_MSGSEND = YES;
				ENABLE_TESTABILITY = YES;
				GCC_C_LANGUAGE_STANDARD = gnu11;
				GCC_DYNAMIC_NO_PIC = NO;
				GCC_NO_COMMON_BLOCKS = YES;
				GCC_OPTIMIZATION_LEVEL = 0;
				GCC_PREPROCESSOR_DEFINITIONS = (
					"DEBUG=1",
					"$(inherited)",
				);
				GCC_WARN_64_TO_32_BIT_CONVERSION = YES;
				GCC_WARN_ABOUT_RETURN_TYPE = YES_ERROR;
				GCC_WARN_UNDECLARED_SELECTOR = YES;
				GCC_WARN_UNINITIALIZED_AUTOS = YES_AGGRESSIVE;
				GCC_WARN_UNUSED_FUNCTION = YES;
				GCC_WARN_UNUSED_VARIABLE = YES;
				IPHONEOS_DEPLOYMENT_TARGET = 15.5;
				MTL_ENABLE_DEBUG_INFO = INCLUDE_SOURCE;
				MTL_FAST_MATH = YES;
				ONLY_ACTIVE_ARCH = YES;
				SDKROOT = iphoneos;
				SWIFT_ACTIVE_COMPILATION_CONDITIONS = DEBUG;
				SWIFT_OPTIMIZATION_LEVEL = "-Onone";
			};
			name = Debug;
		};
		7343FA032846603E00078795 /* Release */ = {
			isa = XCBuildConfiguration;
			buildSettings = {
				ALWAYS_SEARCH_USER_PATHS = NO;
				CLANG_ANALYZER_NONNULL = YES;
				CLANG_ANALYZER_NUMBER_OBJECT_CONVERSION = YES_AGGRESSIVE;
				CLANG_CXX_LANGUAGE_STANDARD = "gnu++17";
				CLANG_ENABLE_MODULES = YES;
				CLANG_ENABLE_OBJC_ARC = YES;
				CLANG_ENABLE_OBJC_WEAK = YES;
				CLANG_WARN_BLOCK_CAPTURE_AUTORELEASING = YES;
				CLANG_WARN_BOOL_CONVERSION = YES;
				CLANG_WARN_COMMA = YES;
				CLANG_WARN_CONSTANT_CONVERSION = YES;
				CLANG_WARN_DEPRECATED_OBJC_IMPLEMENTATIONS = YES;
				CLANG_WARN_DIRECT_OBJC_ISA_USAGE = YES_ERROR;
				CLANG_WARN_DOCUMENTATION_COMMENTS = YES;
				CLANG_WARN_EMPTY_BODY = YES;
				CLANG_WARN_ENUM_CONVERSION = YES;
				CLANG_WARN_INFINITE_RECURSION = YES;
				CLANG_WARN_INT_CONVERSION = YES;
				CLANG_WARN_NON_LITERAL_NULL_CONVERSION = YES;
				CLANG_WARN_OBJC_IMPLICIT_RETAIN_SELF = YES;
				CLANG_WARN_OBJC_LITERAL_CONVERSION = YES;
				CLANG_WARN_OBJC_ROOT_CLASS = YES_ERROR;
				CLANG_WARN_QUOTED_INCLUDE_IN_FRAMEWORK_HEADER = YES;
				CLANG_WARN_RANGE_LOOP_ANALYSIS = YES;
				CLANG_WARN_STRICT_PROTOTYPES = YES;
				CLANG_WARN_SUSPICIOUS_MOVE = YES;
				CLANG_WARN_UNGUARDED_AVAILABILITY = YES_AGGRESSIVE;
				CLANG_WARN_UNREACHABLE_CODE = YES;
				CLANG_WARN__DUPLICATE_METHOD_MATCH = YES;
				COPY_PHASE_STRIP = NO;
				DEBUG_INFORMATION_FORMAT = "dwarf-with-dsym";
				ENABLE_NS_ASSERTIONS = NO;
				ENABLE_STRICT_OBJC_MSGSEND = YES;
				GCC_C_LANGUAGE_STANDARD = gnu11;
				GCC_NO_COMMON_BLOCKS = YES;
				GCC_WARN_64_TO_32_BIT_CONVERSION = YES;
				GCC_WARN_ABOUT_RETURN_TYPE = YES_ERROR;
				GCC_WARN_UNDECLARED_SELECTOR = YES;
				GCC_WARN_UNINITIALIZED_AUTOS = YES_AGGRESSIVE;
				GCC_WARN_UNUSED_FUNCTION = YES;
				GCC_WARN_UNUSED_VARIABLE = YES;
				IPHONEOS_DEPLOYMENT_TARGET = 15.5;
				MTL_ENABLE_DEBUG_INFO = NO;
				MTL_FAST_MATH = YES;
				SDKROOT = iphoneos;
				SWIFT_COMPILATION_MODE = wholemodule;
				SWIFT_OPTIMIZATION_LEVEL = "-O";
				VALIDATE_PRODUCT = YES;
			};
			name = Release;
		};
		7343FA052846603E00078795 /* Debug */ = {
			isa = XCBuildConfiguration;
			buildSettings = {
				ASSETCATALOG_COMPILER_APPICON_NAME = AppIcon;
				ASSETCATALOG_COMPILER_GLOBAL_ACCENT_COLOR_NAME = AccentColor;
				CODE_SIGN_STYLE = Automatic;
				CURRENT_PROJECT_VERSION = 1;
				DEVELOPMENT_ASSET_PATHS = "\"Landmarks/Preview Content\"";
				DEVELOPMENT_TEAM = G9JXCB7X2L;
				ENABLE_PREVIEWS = YES;
				GENERATE_INFOPLIST_FILE = YES;
				INFOPLIST_KEY_UIApplicationSceneManifest_Generation = YES;
				INFOPLIST_KEY_UIApplicationSupportsIndirectInputEvents = YES;
				INFOPLIST_KEY_UILaunchScreen_Generation = YES;
				INFOPLIST_KEY_UISupportedInterfaceOrientations_iPad = "UIInterfaceOrientationPortrait UIInterfaceOrientationPortraitUpsideDown UIInterfaceOrientationLandscapeLeft UIInterfaceOrientationLandscapeRight";
				INFOPLIST_KEY_UISupportedInterfaceOrientations_iPhone = "UIInterfaceOrientationPortrait UIInterfaceOrientationLandscapeLeft UIInterfaceOrientationLandscapeRight";
				LD_RUNPATH_SEARCH_PATHS = (
					"$(inherited)",
					"@executable_path/Frameworks",
				);
				MARKETING_VERSION = 1.0;
				PRODUCT_BUNDLE_IDENTIFIER = com.KigyoClub.Landmarks;
				PRODUCT_NAME = "$(TARGET_NAME)";
				SWIFT_EMIT_LOC_STRINGS = YES;
				SWIFT_VERSION = 5.0;
				TARGETED_DEVICE_FAMILY = "1,2";
			};
			name = Debug;
		};
		7343FA062846603E00078795 /* Release */ = {
			isa = XCBuildConfiguration;
			buildSettings = {
				ASSETCATALOG_COMPILER_APPICON_NAME = AppIcon;
				ASSETCATALOG_COMPILER_GLOBAL_ACCENT_COLOR_NAME = AccentColor;
				CODE_SIGN_STYLE = Automatic;
				CURRENT_PROJECT_VERSION = 1;
				DEVELOPMENT_ASSET_PATHS = "\"Landmarks/Preview Content\"";
				DEVELOPMENT_TEAM = G9JXCB7X2L;
				ENABLE_PREVIEWS = YES;
				GENERATE_INFOPLIST_FILE = YES;
				INFOPLIST_KEY_UIApplicationSceneManifest_Generation = YES;
				INFOPLIST_KEY_UIApplicationSupportsIndirectInputEvents = YES;
				INFOPLIST_KEY_UILaunchScreen_Generation = YES;
				INFOPLIST_KEY_UISupportedInterfaceOrientations_iPad = "UIInterfaceOrientationPortrait UIInterfaceOrientationPortraitUpsideDown UIInterfaceOrientationLandscapeLeft UIInterfaceOrientationLandscapeRight";
				INFOPLIST_KEY_UISupportedInterfaceOrientations_iPhone = "UIInterfaceOrientationPortrait UIInterfaceOrientationLandscapeLeft UIInterfaceOrientationLandscapeRight";
				LD_RUNPATH_SEARCH_PATHS = (
					"$(inherited)",
					"@executable_path/Frameworks",
				);
				MARKETING_VERSION = 1.0;
				PRODUCT_BUNDLE_IDENTIFIER = com.KigyoClub.Landmarks;
				PRODUCT_NAME = "$(TARGET_NAME)";
				SWIFT_EMIT_LOC_STRINGS = YES;
				SWIFT_VERSION = 5.0;
				TARGETED_DEVICE_FAMILY = "1,2";
			};
			name = Release;
		};
		7343FA082846603E00078795 /* Debug */ = {
			isa = XCBuildConfiguration;
			buildSettings = {
				ALWAYS_EMBED_SWIFT_STANDARD_LIBRARIES = YES;
				BUNDLE_LOADER = "$(TEST_HOST)";
				CODE_SIGN_STYLE = Automatic;
				CURRENT_PROJECT_VERSION = 1;
				DEVELOPMENT_TEAM = G9JXCB7X2L;
				GENERATE_INFOPLIST_FILE = YES;
				IPHONEOS_DEPLOYMENT_TARGET = 15.5;
				MARKETING_VERSION = 1.0;
				PRODUCT_BUNDLE_IDENTIFIER = com.KigyoClub.LandmarksTests;
				PRODUCT_NAME = "$(TARGET_NAME)";
				SWIFT_EMIT_LOC_STRINGS = NO;
				SWIFT_VERSION = 5.0;
				TARGETED_DEVICE_FAMILY = "1,2";
				TEST_HOST = "$(BUILT_PRODUCTS_DIR)/Landmarks.app/Landmarks";
			};
			name = Debug;
		};
		7343FA092846603E00078795 /* Release */ = {
			isa = XCBuildConfiguration;
			buildSettings = {
				ALWAYS_EMBED_SWIFT_STANDARD_LIBRARIES = YES;
				BUNDLE_LOADER = "$(TEST_HOST)";
				CODE_SIGN_STYLE = Automatic;
				CURRENT_PROJECT_VERSION = 1;
				DEVELOPMENT_TEAM = G9JXCB7X2L;
				GENERATE_INFOPLIST_FILE = YES;
				IPHONEOS_DEPLOYMENT_TARGET = 15.5;
				MARKETING_VERSION = 1.0;
				PRODUCT_BUNDLE_IDENTIFIER = com.KigyoClub.LandmarksTests;
				PRODUCT_NAME = "$(TARGET_NAME)";
				SWIFT_EMIT_LOC_STRINGS = NO;
				SWIFT_VERSION = 5.0;
				TARGETED_DEVICE_FAMILY = "1,2";
				TEST_HOST = "$(BUILT_PRODUCTS_DIR)/Landmarks.app/Landmarks";
			};
			name = Release;
		};
		7343FA0B2846603E00078795 /* Debug */ = {
			isa = XCBuildConfiguration;
			buildSettings = {
				ALWAYS_EMBED_SWIFT_STANDARD_LIBRARIES = YES;
				CODE_SIGN_STYLE = Automatic;
				CURRENT_PROJECT_VERSION = 1;
				DEVELOPMENT_TEAM = G9JXCB7X2L;
				GENERATE_INFOPLIST_FILE = YES;
				MARKETING_VERSION = 1.0;
				PRODUCT_BUNDLE_IDENTIFIER = com.KigyoClub.LandmarksUITests;
				PRODUCT_NAME = "$(TARGET_NAME)";
				SWIFT_EMIT_LOC_STRINGS = NO;
				SWIFT_VERSION = 5.0;
				TARGETED_DEVICE_FAMILY = "1,2";
				TEST_TARGET_NAME = Landmarks;
			};
			name = Debug;
		};
		7343FA0C2846603E00078795 /* Release */ = {
			isa = XCBuildConfiguration;
			buildSettings = {
				ALWAYS_EMBED_SWIFT_STANDARD_LIBRARIES = YES;
				CODE_SIGN_STYLE = Automatic;
				CURRENT_PROJECT_VERSION = 1;
				DEVELOPMENT_TEAM = G9JXCB7X2L;
				GENERATE_INFOPLIST_FILE = YES;
				MARKETING_VERSION = 1.0;
				PRODUCT_BUNDLE_IDENTIFIER = com.KigyoClub.LandmarksUITests;
				PRODUCT_NAME = "$(TARGET_NAME)";
				SWIFT_EMIT_LOC_STRINGS = NO;
				SWIFT_VERSION = 5.0;
				TARGETED_DEVICE_FAMILY = "1,2";
				TEST_TARGET_NAME = Landmarks;
			};
			name = Release;
		};
/* End XCBuildConfiguration section */

/* Begin XCConfigurationList section */
		7343F9DB2846603900078795 /* Build configuration list for PBXProject "Landmarks" */ = {
			isa = XCConfigurationList;
			buildConfigurations = (
				7343FA022846603E00078795 /* Debug */,
				7343FA032846603E00078795 /* Release */,
			);
			defaultConfigurationIsVisible = 0;
			defaultConfigurationName = Release;
		};
		7343FA042846603E00078795 /* Build configuration list for PBXNativeTarget "Landmarks" */ = {
			isa = XCConfigurationList;
			buildConfigurations = (
				7343FA052846603E00078795 /* Debug */,
				7343FA062846603E00078795 /* Release */,
			);
			defaultConfigurationIsVisible = 0;
			defaultConfigurationName = Release;
		};
		7343FA072846603E00078795 /* Build configuration list for PBXNativeTarget "LandmarksTests" */ = {
			isa = XCConfigurationList;
			buildConfigurations = (
				7343FA082846603E00078795 /* Debug */,
				7343FA092846603E00078795 /* Release */,
			);
			defaultConfigurationIsVisible = 0;
			defaultConfigurationName = Release;
		};
		7343FA0A2846603E00078795 /* Build configuration list for PBXNativeTarget "LandmarksUITests" */ = {
			isa = XCConfigurationList;
			buildConfigurations = (
				7343FA0B2846603E00078795 /* Debug */,
				7343FA0C2846603E00078795 /* Release */,
			);
			defaultConfigurationIsVisible = 0;
			defaultConfigurationName = Release;
		};
/* End XCConfigurationList section */
	};
	rootObject = 7343F9D82846603900078795 /* Project object */;
}
